
Microsoft Visual Studio Solution File, Format Version 12.00
# Visual Studio Version 16
VisualStudioVersion = 16.0.29209.62
MinimumVisualStudioVersion = 10.0.40219.1
Project("{FAE04EC0-301F-11D3-BF4B-00C04F79EFBC}") = "TsMap", "TsMap\TsMap.csproj", "{E458D6D9-6A9C-4214-92A2-46E5678EDDDA}"
EndProject
Project("{FAE04EC0-301F-11D3-BF4B-00C04F79EFBC}") = "TsMap.Canvas", "TsMap.Canvas\TsMap.Canvas.csproj", "{B32C5D14-37B7-4E9F-A046-FB91C3338F02}"
EndProject
Global
	GlobalSection(SolutionConfigurationPlatforms) = preSolution
		Debug|Any CPU = Debug|Any CPU
		Release|Any CPU = Release|Any CPU
	EndGlobalSection
	GlobalSection(ProjectConfigurationPlatforms) = postSolution
		{E458D6D9-6A9C-4214-92A2-46E5678EDDDA}.Debug|Any CPU.ActiveCfg = Debug|Any CPU
		{E458D6D9-6A9C-4214-92A2-46E5678EDDDA}.Debug|Any CPU.Build.0 = Debug|Any CPU
		{E458D6D9-6A9C-4214-92A2-46E5678EDDDA}.Release|Any CPU.ActiveCfg = Release|Any CPU
		{E458D6D9-6A9C-4214-92A2-46E5678EDDDA}.Release|Any CPU.Build.0 = Release|Any CPU
		{B32C5D14-37B7-4E9F-A046-FB91C3338F02}.Debug|Any CPU.ActiveCfg = Debug|Any CPU
		{B32C5D14-37B7-4E9F-A046-FB91C3338F02}.Debug|Any CPU.Build.0 = Debug|Any CPU
		{B32C5D14-37B7-4E9F-A046-FB91C3338F02}.Release|Any CPU.ActiveCfg = Release|Any CPU
		{B32C5D14-37B7-4E9F-A046-FB91C3338F02}.Release|Any CPU.Build.0 = Release|Any CPU
	EndGlobalSection
	GlobalSection(SolutionProperties) = preSolution
		HideSolutionNode = FALSE
	EndGlobalSection
	GlobalSection(ExtensibilityGlobals) = postSolution
		SolutionGuid = {7454CED4-27F8-402E-BA11-575A05BB0952}
	EndGlobalSection
EndGlobal
