
Microsoft Visual Studio Solution File, Format Version 12.00
# Visual Studio 15
VisualStudioVersion = 15.0.27004.2005
MinimumVisualStudioVersion = 10.0.40219.1
Project("{FAE04EC0-301F-11D3-BF4B-00C04F79EFBC}") = "TsMap.Console", "TsMap.Console\TsMap.Console.csproj", "{4EBEAC37-5B79-4842-AE10-DE3B8728952C}"
EndProject
Global
	GlobalSection(SolutionConfigurationPlatforms) = preSolution
		Debug|Any CPU = Debug|Any CPU
		Release|Any CPU = Release|Any CPU
	EndGlobalSection
	GlobalSection(ProjectConfigurationPlatforms) = postSolution
		{4EBEAC37-5B79-4842-AE10-DE3B8728952C}.Debug|Any CPU.ActiveCfg = Debug|Any CPU
		{4EBEAC37-5B79-4842-AE10-DE3B8728952C}.Debug|Any CPU.Build.0 = Debug|Any CPU
		{4EBEAC37-5B79-4842-AE10-DE3B8728952C}.Release|Any CPU.ActiveCfg = Release|Any CPU
		{4EBEAC37-5B79-4842-AE10-DE3B8728952C}.Release|Any CPU.Build.0 = Release|Any CPU
	EndGlobalSection
	GlobalSection(SolutionProperties) = preSolution
		HideSolutionNode = FALSE
	EndGlobalSection
	GlobalSection(ExtensibilityGlobals) = postSolution
		SolutionGuid = {7454CED4-27F8-402E-BA11-575A05BB0952}
	EndGlobalSection
EndGlobal
