
Microsoft Visual Studio Solution File, Format Version 12.00
# Visual Studio Version 17
VisualStudioVersion = 17.4.33205.214
MinimumVisualStudioVersion = 10.0.40219.1
Project("{FAE04EC0-301F-11D3-BF4B-00C04F79EFBC}") = "TsMap.Canvas", "TsMap.Canvas\TsMap.Canvas.csproj", "{B32C5D14-37B7-4E9F-A046-FB91C3338F02}"
EndProject
Project("{FAE04EC0-301F-11D3-BF4B-00C04F79EFBC}") = "TsMap", "TsMap\TsMap.csproj", "{E458D6D9-6A9C-4214-92A2-46E5678EDDDA}"
EndProject
Global
	GlobalSection(SolutionConfigurationPlatforms) = preSolution
		Debug|x64 = Debug|x64
		Release|x64 = Release|x64
	EndGlobalSection
	GlobalSection(ProjectConfigurationPlatforms) = postSolution
		{B32C5D14-37B7-4E9F-A046-FB91C3338F02}.Debug|x64.ActiveCfg = Debug|x64
		{B32C5D14-37B7-4E9F-A046-FB91C3338F02}.Debug|x64.Build.0 = Debug|x64
		{B32C5D14-37B7-4E9F-A046-FB91C3338F02}.Release|x64.ActiveCfg = Release|x64
		{B32C5D14-37B7-4E9F-A046-FB91C3338F02}.Release|x64.Build.0 = Release|x64
		{E458D6D9-6A9C-4214-92A2-46E5678EDDDA}.Debug|x64.ActiveCfg = Debug|x64
		{E458D6D9-6A9C-4214-92A2-46E5678EDDDA}.Debug|x64.Build.0 = Debug|x64
		{E458D6D9-6A9C-4214-92A2-46E5678EDDDA}.Release|x64.ActiveCfg = Release|x64
		{E458D6D9-6A9C-4214-92A2-46E5678EDDDA}.Release|x64.Build.0 = Release|x64
	EndGlobalSection
	GlobalSection(SolutionProperties) = preSolution
		HideSolutionNode = FALSE
	EndGlobalSection
	GlobalSection(ExtensibilityGlobals) = postSolution
		SolutionGuid = {7454CED4-27F8-402E-BA11-575A05BB0952}
	EndGlobalSection
EndGlobal
